
Microsoft Visual Studio Solution File, Format Version 11.00
# Visual Studio 2010
Project("{FAE04EC0-301F-11D3-BF4B-00C04F79EFBC}") = "Assembly-CSharp", "Assembly-CSharp.csproj", "{611B72B7-0AA9-C595-7B2F-07209D83DD1D}"
EndProject
Global
	GlobalSection(SolutionConfigurationPlatforms) = preSolution
		Debug|Any CPU = Debug|Any CPU
		Release|Any CPU = Release|Any CPU
	EndGlobalSection
	GlobalSection(ProjectConfigurationPlatforms) = postSolution
		{611B72B7-0AA9-C595-7B2F-07209D83DD1D}.Debug|Any CPU.ActiveCfg = Debug|Any CPU
		{611B72B7-0AA9-C595-7B2F-07209D83DD1D}.Debug|Any CPU.Build.0 = Debug|Any CPU
		{611B72B7-0AA9-C595-7B2F-07209D83DD1D}.Release|Any CPU.ActiveCfg = Release|Any CPU
		{611B72B7-0AA9-C595-7B2F-07209D83DD1D}.Release|Any CPU.Build.0 = Release|Any CPU
	EndGlobalSection
	GlobalSection(SolutionProperties) = preSolution
		HideSolutionNode = FALSE
	EndGlobalSection
EndGlobal
